// !$*UTF8*$!
{
	archiveVersion = 1;
	classes = {
	};
	objectVersion = 56;
	objects = {

/* Begin PBXBuildFile section */
		FB9F82752CC0161C0049C6F1 /* RealityKitContent in Frameworks */ = {isa = PBXBuildFile; productRef = FB9F82742CC0161C0049C6F1 /* RealityKitContent */; };
		FB9F82772CC0161C0049C6F1 /* aplicacion_pruebaApp.swift in Sources */ = {isa = PBXBuildFile; fileRef = FB9F82762CC0161C0049C6F1 /* aplicacion_pruebaApp.swift */; };
		FB9F82792CC0161C0049C6F1 /* ContentView.swift in Sources */ = {isa = PBXBuildFile; fileRef = FB9F82782CC0161C0049C6F1 /* ContentView.swift */; };
		FB9F827B2CC0161C0049C6F1 /* ImmersiveView.swift in Sources */ = {isa = PBXBuildFile; fileRef = FB9F827A2CC0161C0049C6F1 /* ImmersiveView.swift */; };
		FB9F827D2CC0161C0049C6F1 /* ImageBasedLighting.skybox in Resources */ = {isa = PBXBuildFile; fileRef = FB9F827C2CC0161C0049C6F1 /* ImageBasedLighting.skybox */; };
		FB9F827F2CC0161D0049C6F1 /* Assets.xcassets in Resources */ = {isa = PBXBuildFile; fileRef = FB9F827E2CC0161D0049C6F1 /* Assets.xcassets */; };
		FB9F82822CC0161D0049C6F1 /* Preview Assets.xcassets in Resources */ = {isa = PBXBuildFile; fileRef = FB9F82812CC0161D0049C6F1 /* Preview Assets.xcassets */; };
		FB9F828D2CC0161D0049C6F1 /* aplicacion_pruebaTests.swift in Sources */ = {isa = PBXBuildFile; fileRef = FB9F828C2CC0161D0049C6F1 /* aplicacion_pruebaTests.swift */; };
/* End PBXBuildFile section */

/* Begin PBXContainerItemProxy section */
		FB9F82892CC0161D0049C6F1 /* PBXContainerItemProxy */ = {
			isa = PBXContainerItemProxy;
			containerPortal = FB9F82672CC0161C0049C6F1 /* Project object */;
			proxyType = 1;
			remoteGlobalIDString = FB9F826E2CC0161C0049C6F1;
			remoteInfo = aplicacion_prueba;
		};
/* End PBXContainerItemProxy section */

/* Begin PBXFileReference section */
		FB9F826F2CC0161C0049C6F1 /* aplicacion_prueba.app */ = {isa = PBXFileReference; explicitFileType = wrapper.application; includeInIndex = 0; path = aplicacion_prueba.app; sourceTree = BUILT_PRODUCTS_DIR; };
		FB9F82732CC0161C0049C6F1 /* RealityKitContent */ = {isa = PBXFileReference; lastKnownFileType = wrapper; path = RealityKitContent; sourceTree = "<group>"; };
		FB9F82762CC0161C0049C6F1 /* aplicacion_pruebaApp.swift */ = {isa = PBXFileReference; lastKnownFileType = sourcecode.swift; path = aplicacion_pruebaApp.swift; sourceTree = "<group>"; };
		FB9F82782CC0161C0049C6F1 /* ContentView.swift */ = {isa = PBXFileReference; lastKnownFileType = sourcecode.swift; path = ContentView.swift; sourceTree = "<group>"; };
		FB9F827A2CC0161C0049C6F1 /* ImmersiveView.swift */ = {isa = PBXFileReference; lastKnownFileType = sourcecode.swift; path = ImmersiveView.swift; sourceTree = "<group>"; };
		FB9F827C2CC0161C0049C6F1 /* ImageBasedLighting.skybox */ = {isa = PBXFileReference; lastKnownFileType = file.skybox; path = ImageBasedLighting.skybox; sourceTree = "<group>"; };
		FB9F827E2CC0161D0049C6F1 /* Assets.xcassets */ = {isa = PBXFileReference; lastKnownFileType = folder.assetcatalog; path = Assets.xcassets; sourceTree = "<group>"; };
		FB9F82812CC0161D0049C6F1 /* Preview Assets.xcassets */ = {isa = PBXFileReference; lastKnownFileType = folder.assetcatalog; path = "Preview Assets.xcassets"; sourceTree = "<group>"; };
		FB9F82832CC0161D0049C6F1 /* Info.plist */ = {isa = PBXFileReference; lastKnownFileType = text.plist.xml; path = Info.plist; sourceTree = "<group>"; };
		FB9F82882CC0161D0049C6F1 /* aplicacion_pruebaTests.xctest */ = {isa = PBXFileReference; explicitFileType = wrapper.cfbundle; includeInIndex = 0; path = aplicacion_pruebaTests.xctest; sourceTree = BUILT_PRODUCTS_DIR; };
		FB9F828C2CC0161D0049C6F1 /* aplicacion_pruebaTests.swift */ = {isa = PBXFileReference; lastKnownFileType = sourcecode.swift; path = aplicacion_pruebaTests.swift; sourceTree = "<group>"; };
/* End PBXFileReference section */

/* Begin PBXFrameworksBuildPhase section */
		FB9F826C2CC0161C0049C6F1 /* Frameworks */ = {
			isa = PBXFrameworksBuildPhase;
			buildActionMask = 2147483647;
			files = (
				FB9F82752CC0161C0049C6F1 /* RealityKitContent in Frameworks */,
			);
			runOnlyForDeploymentPostprocessing = 0;
		};
		FB9F82852CC0161D0049C6F1 /* Frameworks */ = {
			isa = PBXFrameworksBuildPhase;
			buildActionMask = 2147483647;
			files = (
			);
			runOnlyForDeploymentPostprocessing = 0;
		};
/* End PBXFrameworksBuildPhase section */

/* Begin PBXGroup section */
		FB9F82662CC0161C0049C6F1 = {
			isa = PBXGroup;
			children = (
				FB9F82712CC0161C0049C6F1 /* aplicacion_prueba */,
				FB9F82722CC0161C0049C6F1 /* Packages */,
				FB9F828B2CC0161D0049C6F1 /* aplicacion_pruebaTests */,
				FB9F82702CC0161C0049C6F1 /* Products */,
			);
			sourceTree = "<group>";
		};
		FB9F82702CC0161C0049C6F1 /* Products */ = {
			isa = PBXGroup;
			children = (
				FB9F826F2CC0161C0049C6F1 /* aplicacion_prueba.app */,
				FB9F82882CC0161D0049C6F1 /* aplicacion_pruebaTests.xctest */,
			);
			name = Products;
			sourceTree = "<group>";
		};
		FB9F82712CC0161C0049C6F1 /* aplicacion_prueba */ = {
			isa = PBXGroup;
			children = (
				FB9F82762CC0161C0049C6F1 /* aplicacion_pruebaApp.swift */,
				FB9F82782CC0161C0049C6F1 /* ContentView.swift */,
				FB9F827A2CC0161C0049C6F1 /* ImmersiveView.swift */,
				FB9F827C2CC0161C0049C6F1 /* ImageBasedLighting.skybox */,
				FB9F827E2CC0161D0049C6F1 /* Assets.xcassets */,
				FB9F82832CC0161D0049C6F1 /* Info.plist */,
				FB9F82802CC0161D0049C6F1 /* Preview Content */,
			);
			path = aplicacion_prueba;
			sourceTree = "<group>";
		};
		FB9F82722CC0161C0049C6F1 /* Packages */ = {
			isa = PBXGroup;
			children = (
				FB9F82732CC0161C0049C6F1 /* RealityKitContent */,
			);
			path = Packages;
			sourceTree = "<group>";
		};
		FB9F82802CC0161D0049C6F1 /* Preview Content */ = {
			isa = PBXGroup;
			children = (
				FB9F82812CC0161D0049C6F1 /* Preview Assets.xcassets */,
			);
			path = "Preview Content";
			sourceTree = "<group>";
		};
		FB9F828B2CC0161D0049C6F1 /* aplicacion_pruebaTests */ = {
			isa = PBXGroup;
			children = (
				FB9F828C2CC0161D0049C6F1 /* aplicacion_pruebaTests.swift */,
			);
			path = aplicacion_pruebaTests;
			sourceTree = "<group>";
		};
/* End PBXGroup section */

/* Begin PBXNativeTarget section */
		FB9F826E2CC0161C0049C6F1 /* aplicacion_prueba */ = {
			isa = PBXNativeTarget;
			buildConfigurationList = FB9F82902CC0161D0049C6F1 /* Build configuration list for PBXNativeTarget "aplicacion_prueba" */;
			buildPhases = (
				FB9F826B2CC0161C0049C6F1 /* Sources */,
				FB9F826C2CC0161C0049C6F1 /* Frameworks */,
				FB9F826D2CC0161C0049C6F1 /* Resources */,
			);
			buildRules = (
			);
			dependencies = (
			);
			name = aplicacion_prueba;
			packageProductDependencies = (
				FB9F82742CC0161C0049C6F1 /* RealityKitContent */,
			);
			productName = aplicacion_prueba;
			productReference = FB9F826F2CC0161C0049C6F1 /* aplicacion_prueba.app */;
			productType = "com.apple.product-type.application";
		};
		FB9F82872CC0161D0049C6F1 /* aplicacion_pruebaTests */ = {
			isa = PBXNativeTarget;
			buildConfigurationList = FB9F82932CC0161D0049C6F1 /* Build configuration list for PBXNativeTarget "aplicacion_pruebaTests" */;
			buildPhases = (
				FB9F82842CC0161D0049C6F1 /* Sources */,
				FB9F82852CC0161D0049C6F1 /* Frameworks */,
				FB9F82862CC0161D0049C6F1 /* Resources */,
			);
			buildRules = (
			);
			dependencies = (
				FB9F828A2CC0161D0049C6F1 /* PBXTargetDependency */,
			);
			name = aplicacion_pruebaTests;
			productName = aplicacion_pruebaTests;
			productReference = FB9F82882CC0161D0049C6F1 /* aplicacion_pruebaTests.xctest */;
			productType = "com.apple.product-type.bundle.unit-test";
		};
/* End PBXNativeTarget section */

/* Begin PBXProject section */
		FB9F82672CC0161C0049C6F1 /* Project object */ = {
			isa = PBXProject;
			attributes = {
				BuildIndependentTargetsInParallel = 1;
				LastSwiftUpdateCheck = 1540;
				LastUpgradeCheck = 1540;
				TargetAttributes = {
					FB9F826E2CC0161C0049C6F1 = {
						CreatedOnToolsVersion = 15.4;
					};
					FB9F82872CC0161D0049C6F1 = {
						CreatedOnToolsVersion = 15.4;
						TestTargetID = FB9F826E2CC0161C0049C6F1;
					};
				};
			};
			buildConfigurationList = FB9F826A2CC0161C0049C6F1 /* Build configuration list for PBXProject "aplicacion_prueba" */;
			compatibilityVersion = "Xcode 14.0";
			developmentRegion = en;
			hasScannedForEncodings = 0;
			knownRegions = (
				en,
				Base,
			);
			mainGroup = FB9F82662CC0161C0049C6F1;
			productRefGroup = FB9F82702CC0161C0049C6F1 /* Products */;
			projectDirPath = "";
			projectRoot = "";
			targets = (
				FB9F826E2CC0161C0049C6F1 /* aplicacion_prueba */,
				FB9F82872CC0161D0049C6F1 /* aplicacion_pruebaTests */,
			);
		};
/* End PBXProject section */

/* Begin PBXResourcesBuildPhase section */
		FB9F826D2CC0161C0049C6F1 /* Resources */ = {
			isa = PBXResourcesBuildPhase;
			buildActionMask = 2147483647;
			files = (
				FB9F827F2CC0161D0049C6F1 /* Assets.xcassets in Resources */,
				FB9F82822CC0161D0049C6F1 /* Preview Assets.xcassets in Resources */,
				FB9F827D2CC0161C0049C6F1 /* ImageBasedLighting.skybox in Resources */,
			);
			runOnlyForDeploymentPostprocessing = 0;
		};
		FB9F82862CC0161D0049C6F1 /* Resources */ = {
			isa = PBXResourcesBuildPhase;
			buildActionMask = 2147483647;
			files = (
			);
			runOnlyForDeploymentPostprocessing = 0;
		};
/* End PBXResourcesBuildPhase section */

/* Begin PBXSourcesBuildPhase section */
		FB9F826B2CC0161C0049C6F1 /* Sources */ = {
			isa = PBXSourcesBuildPhase;
			buildActionMask = 2147483647;
			files = (
				FB9F82792CC0161C0049C6F1 /* ContentView.swift in Sources */,
				FB9F82772CC0161C0049C6F1 /* aplicacion_pruebaApp.swift in Sources */,
				FB9F827B2CC0161C0049C6F1 /* ImmersiveView.swift in Sources */,
			);
			runOnlyForDeploymentPostprocessing = 0;
		};
		FB9F82842CC0161D0049C6F1 /* Sources */ = {
			isa = PBXSourcesBuildPhase;
			buildActionMask = 2147483647;
			files = (
				FB9F828D2CC0161D0049C6F1 /* aplicacion_pruebaTests.swift in Sources */,
			);
			runOnlyForDeploymentPostprocessing = 0;
		};
/* End PBXSourcesBuildPhase section */

/* Begin PBXTargetDependency section */
		FB9F828A2CC0161D0049C6F1 /* PBXTargetDependency */ = {
			isa = PBXTargetDependency;
			target = FB9F826E2CC0161C0049C6F1 /* aplicacion_prueba */;
			targetProxy = FB9F82892CC0161D0049C6F1 /* PBXContainerItemProxy */;
		};
/* End PBXTargetDependency section */

/* Begin XCBuildConfiguration section */
		FB9F828E2CC0161D0049C6F1 /* Debug */ = {
			isa = XCBuildConfiguration;
			buildSettings = {
				ALWAYS_SEARCH_USER_PATHS = NO;
				ASSETCATALOG_COMPILER_GENERATE_SWIFT_ASSET_SYMBOL_EXTENSIONS = YES;
				CLANG_ANALYZER_NONNULL = YES;
				CLANG_ANALYZER_NUMBER_OBJECT_CONVERSION = YES_AGGRESSIVE;
				CLANG_CXX_LANGUAGE_STANDARD = "gnu++20";
				CLANG_ENABLE_MODULES = YES;
				CLANG_ENABLE_OBJC_ARC = YES;
				CLANG_ENABLE_OBJC_WEAK = YES;
				CLANG_WARN_BLOCK_CAPTURE_AUTORELEASING = YES;
				CLANG_WARN_BOOL_CONVERSION = YES;
				CLANG_WARN_COMMA = YES;
				CLANG_WARN_CONSTANT_CONVERSION = YES;
				CLANG_WARN_DEPRECATED_OBJC_IMPLEMENTATIONS = YES;
				CLANG_WARN_DIRECT_OBJC_ISA_USAGE = YES_ERROR;
				CLANG_WARN_DOCUMENTATION_COMMENTS = YES;
				CLANG_WARN_EMPTY_BODY = YES;
				CLANG_WARN_ENUM_CONVERSION = YES;
				CLANG_WARN_INFINITE_RECURSION = YES;
				CLANG_WARN_INT_CONVERSION = YES;
				CLANG_WARN_NON_LITERAL_NULL_CONVERSION = YES;
				CLANG_WARN_OBJC_IMPLICIT_RETAIN_SELF = YES;
				CLANG_WARN_OBJC_LITERAL_CONVERSION = YES;
				CLANG_WARN_OBJC_ROOT_CLASS = YES_ERROR;
				CLANG_WARN_QUOTED_INCLUDE_IN_FRAMEWORK_HEADER = YES;
				CLANG_WARN_RANGE_LOOP_ANALYSIS = YES;
				CLANG_WARN_STRICT_PROTOTYPES = YES;
				CLANG_WARN_SUSPICIOUS_MOVE = YES;
				CLANG_WARN_UNGUARDED_AVAILABILITY = YES_AGGRESSIVE;
				CLANG_WARN_UNREACHABLE_CODE = YES;
				CLANG_WARN__DUPLICATE_METHOD_MATCH = YES;
				COPY_PHASE_STRIP = NO;
				DEBUG_INFORMATION_FORMAT = dwarf;
				ENABLE_STRICT_OBJC_MSGSEND = YES;
				ENABLE_TESTABILITY = YES;
				ENABLE_USER_SCRIPT_SANDBOXING = YES;
				GCC_C_LANGUAGE_STANDARD = gnu17;
				GCC_DYNAMIC_NO_PIC = NO;
				GCC_NO_COMMON_BLOCKS = YES;
				GCC_OPTIMIZATION_LEVEL = 0;
				GCC_PREPROCESSOR_DEFINITIONS = (
					"DEBUG=1",
					"$(inherited)",
				);
				GCC_WARN_64_TO_32_BIT_CONVERSION = YES;
				GCC_WARN_ABOUT_RETURN_TYPE = YES_ERROR;
				GCC_WARN_UNDECLARED_SELECTOR = YES;
				GCC_WARN_UNINITIALIZED_AUTOS = YES_AGGRESSIVE;
				GCC_WARN_UNUSED_FUNCTION = YES;
				GCC_WARN_UNUSED_VARIABLE = YES;
				LOCALIZATION_PREFERS_STRING_CATALOGS = YES;
				MTL_ENABLE_DEBUG_INFO = INCLUDE_SOURCE;
				MTL_FAST_MATH = YES;
				ONLY_ACTIVE_ARCH = YES;
				SDKROOT = xros;
				SWIFT_ACTIVE_COMPILATION_CONDITIONS = "DEBUG $(inherited)";
				SWIFT_OPTIMIZATION_LEVEL = "-Onone";
				XROS_DEPLOYMENT_TARGET = 1.2;
			};
			name = Debug;
		};
		FB9F828F2CC0161D0049C6F1 /* Release */ = {
			isa = XCBuildConfiguration;
			buildSettings = {
				ALWAYS_SEARCH_USER_PATHS = NO;
				ASSETCATALOG_COMPILER_GENERATE_SWIFT_ASSET_SYMBOL_EXTENSIONS = YES;
				CLANG_ANALYZER_NONNULL = YES;
				CLANG_ANALYZER_NUMBER_OBJECT_CONVERSION = YES_AGGRESSIVE;
				CLANG_CXX_LANGUAGE_STANDARD = "gnu++20";
				CLANG_ENABLE_MODULES = YES;
				CLANG_ENABLE_OBJC_ARC = YES;
				CLANG_ENABLE_OBJC_WEAK = YES;
				CLANG_WARN_BLOCK_CAPTURE_AUTORELEASING = YES;
				CLANG_WARN_BOOL_CONVERSION = YES;
				CLANG_WARN_COMMA = YES;
				CLANG_WARN_CONSTANT_CONVERSION = YES;
				CLANG_WARN_DEPRECATED_OBJC_IMPLEMENTATIONS = YES;
				CLANG_WARN_DIRECT_OBJC_ISA_USAGE = YES_ERROR;
				CLANG_WARN_DOCUMENTATION_COMMENTS = YES;
				CLANG_WARN_EMPTY_BODY = YES;
				CLANG_WARN_ENUM_CONVERSION = YES;
				CLANG_WARN_INFINITE_RECURSION = YES;
				CLANG_WARN_INT_CONVERSION = YES;
				CLANG_WARN_NON_LITERAL_NULL_CONVERSION = YES;
				CLANG_WARN_OBJC_IMPLICIT_RETAIN_SELF = YES;
				CLANG_WARN_OBJC_LITERAL_CONVERSION = YES;
				CLANG_WARN_OBJC_ROOT_CLASS = YES_ERROR;
				CLANG_WARN_QUOTED_INCLUDE_IN_FRAMEWORK_HEADER = YES;
				CLANG_WARN_RANGE_LOOP_ANALYSIS = YES;
				CLANG_WARN_STRICT_PROTOTYPES = YES;
				CLANG_WARN_SUSPICIOUS_MOVE = YES;
				CLANG_WARN_UNGUARDED_AVAILABILITY = YES_AGGRESSIVE;
				CLANG_WARN_UNREACHABLE_CODE = YES;
				CLANG_WARN__DUPLICATE_METHOD_MATCH = YES;
				COPY_PHASE_STRIP = NO;
				DEBUG_INFORMATION_FORMAT = "dwarf-with-dsym";
				ENABLE_NS_ASSERTIONS = NO;
				ENABLE_STRICT_OBJC_MSGSEND = YES;
				ENABLE_USER_SCRIPT_SANDBOXING = YES;
				GCC_C_LANGUAGE_STANDARD = gnu17;
				GCC_NO_COMMON_BLOCKS = YES;
				GCC_WARN_64_TO_32_BIT_CONVERSION = YES;
				GCC_WARN_ABOUT_RETURN_TYPE = YES_ERROR;
				GCC_WARN_UNDECLARED_SELECTOR = YES;
				GCC_WARN_UNINITIALIZED_AUTOS = YES_AGGRESSIVE;
				GCC_WARN_UNUSED_FUNCTION = YES;
				GCC_WARN_UNUSED_VARIABLE = YES;
				LOCALIZATION_PREFERS_STRING_CATALOGS = YES;
				MTL_ENABLE_DEBUG_INFO = NO;
				MTL_FAST_MATH = YES;
				SDKROOT = xros;
				SWIFT_COMPILATION_MODE = wholemodule;
				VALIDATE_PRODUCT = YES;
				XROS_DEPLOYMENT_TARGET = 1.2;
			};
			name = Release;
		};
		FB9F82912CC0161D0049C6F1 /* Debug */ = {
			isa = XCBuildConfiguration;
			buildSettings = {
				ASSETCATALOG_COMPILER_APPICON_NAME = AppIcon;
				ASSETCATALOG_COMPILER_GLOBAL_ACCENT_COLOR_NAME = AccentColor;
				CODE_SIGN_STYLE = Automatic;
				CURRENT_PROJECT_VERSION = 1;
				DEVELOPMENT_ASSET_PATHS = "\"aplicacion_prueba/Preview Content\"";
				ENABLE_PREVIEWS = YES;
				GENERATE_INFOPLIST_FILE = YES;
				INFOPLIST_FILE = "$(TARGET_NAME)/Info.plist";
				LD_RUNPATH_SEARCH_PATHS = (
					"$(inherited)",
					"@executable_path/Frameworks",
				);
				MARKETING_VERSION = 1.0;
				PRODUCT_BUNDLE_IDENTIFIER = "mx.uacj.visionos.aplicacion-prueba";
				PRODUCT_NAME = "$(TARGET_NAME)";
				SUPPORTED_PLATFORMS = "xros xrsimulator";
				SWIFT_EMIT_LOC_STRINGS = YES;
				SWIFT_VERSION = 5.0;
				TARGETED_DEVICE_FAMILY = "1,2,7";
			};
			name = Debug;
		};
		FB9F82922CC0161D0049C6F1 /* Release */ = {
			isa = XCBuildConfiguration;
			buildSettings = {
				ASSETCATALOG_COMPILER_APPICON_NAME = AppIcon;
				ASSETCATALOG_COMPILER_GLOBAL_ACCENT_COLOR_NAME = AccentColor;
				CODE_SIGN_STYLE = Automatic;
				CURRENT_PROJECT_VERSION = 1;
				DEVELOPMENT_ASSET_PATHS = "\"aplicacion_prueba/Preview Content\"";
				ENABLE_PREVIEWS = YES;
				GENERATE_INFOPLIST_FILE = YES;
				INFOPLIST_FILE = "$(TARGET_NAME)/Info.plist";
				LD_RUNPATH_SEARCH_PATHS = (
					"$(inherited)",
					"@executable_path/Frameworks",
				);
				MARKETING_VERSION = 1.0;
				PRODUCT_BUNDLE_IDENTIFIER = "mx.uacj.visionos.aplicacion-prueba";
				PRODUCT_NAME = "$(TARGET_NAME)";
				SUPPORTED_PLATFORMS = "xros xrsimulator";
				SWIFT_EMIT_LOC_STRINGS = YES;
				SWIFT_VERSION = 5.0;
				TARGETED_DEVICE_FAMILY = "1,2,7";
			};
			name = Release;
		};
		FB9F82942CC0161D0049C6F1 /* Debug */ = {
			isa = XCBuildConfiguration;
			buildSettings = {
				ALWAYS_EMBED_SWIFT_STANDARD_LIBRARIES = YES;
				BUNDLE_LOADER = "$(TEST_HOST)";
				CODE_SIGN_STYLE = Automatic;
				CURRENT_PROJECT_VERSION = 1;
				GENERATE_INFOPLIST_FILE = YES;
				MARKETING_VERSION = 1.0;
				PRODUCT_BUNDLE_IDENTIFIER = "mx.uacj.visionos.aplicacion-pruebaTests";
				PRODUCT_NAME = "$(TARGET_NAME)";
				SUPPORTED_PLATFORMS = "xros xrsimulator";
				SWIFT_EMIT_LOC_STRINGS = NO;
				SWIFT_VERSION = 5.0;
				TARGETED_DEVICE_FAMILY = "1,2,7";
				TEST_HOST = "$(BUILT_PRODUCTS_DIR)/aplicacion_prueba.app/$(BUNDLE_EXECUTABLE_FOLDER_PATH)/aplicacion_prueba";
				XROS_DEPLOYMENT_TARGET = 1.2;
			};
			name = Debug;
		};
		FB9F82952CC0161D0049C6F1 /* Release */ = {
			isa = XCBuildConfiguration;
			buildSettings = {
				ALWAYS_EMBED_SWIFT_STANDARD_LIBRARIES = YES;
				BUNDLE_LOADER = "$(TEST_HOST)";
				CODE_SIGN_STYLE = Automatic;
				CURRENT_PROJECT_VERSION = 1;
				GENERATE_INFOPLIST_FILE = YES;
				MARKETING_VERSION = 1.0;
				PRODUCT_BUNDLE_IDENTIFIER = "mx.uacj.visionos.aplicacion-pruebaTests";
				PRODUCT_NAME = "$(TARGET_NAME)";
				SUPPORTED_PLATFORMS = "xros xrsimulator";
				SWIFT_EMIT_LOC_STRINGS = NO;
				SWIFT_VERSION = 5.0;
				TARGETED_DEVICE_FAMILY = "1,2,7";
				TEST_HOST = "$(BUILT_PRODUCTS_DIR)/aplicacion_prueba.app/$(BUNDLE_EXECUTABLE_FOLDER_PATH)/aplicacion_prueba";
				XROS_DEPLOYMENT_TARGET = 1.2;
			};
			name = Release;
		};
/* End XCBuildConfiguration section */

/* Begin XCConfigurationList section */
		FB9F826A2CC0161C0049C6F1 /* Build configuration list for PBXProject "aplicacion_prueba" */ = {
			isa = XCConfigurationList;
			buildConfigurations = (
				FB9F828E2CC0161D0049C6F1 /* Debug */,
				FB9F828F2CC0161D0049C6F1 /* Release */,
			);
			defaultConfigurationIsVisible = 0;
			defaultConfigurationName = Release;
		};
		FB9F82902CC0161D0049C6F1 /* Build configuration list for PBXNativeTarget "aplicacion_prueba" */ = {
			isa = XCConfigurationList;
			buildConfigurations = (
				FB9F82912CC0161D0049C6F1 /* Debug */,
				FB9F82922CC0161D0049C6F1 /* Release */,
			);
			defaultConfigurationIsVisible = 0;
			defaultConfigurationName = Release;
		};
		FB9F82932CC0161D0049C6F1 /* Build configuration list for PBXNativeTarget "aplicacion_pruebaTests" */ = {
			isa = XCConfigurationList;
			buildConfigurations = (
				FB9F82942CC0161D0049C6F1 /* Debug */,
				FB9F82952CC0161D0049C6F1 /* Release */,
			);
			defaultConfigurationIsVisible = 0;
			defaultConfigurationName = Release;
		};
/* End XCConfigurationList section */

/* Begin XCSwiftPackageProductDependency section */
		FB9F82742CC0161C0049C6F1 /* RealityKitContent */ = {
			isa = XCSwiftPackageProductDependency;
			productName = RealityKitContent;
		};
/* End XCSwiftPackageProductDependency section */
	};
	rootObject = FB9F82672CC0161C0049C6F1 /* Project object */;
}
