// !$*UTF8*$!
{
	archiveVersion = 1;
	classes = {
	};
	objectVersion = 56;
	objects = {

/* Begin PBXBuildFile section */
		FB96434B2C9B2B5B00D0FF95 /* AppDelegate.swift in Sources */ = {isa = PBXBuildFile; fileRef = FB96434A2C9B2B5B00D0FF95 /* AppDelegate.swift */; };
		FB96434D2C9B2B5B00D0FF95 /* SceneDelegate.swift in Sources */ = {isa = PBXBuildFile; fileRef = FB96434C2C9B2B5B00D0FF95 /* SceneDelegate.swift */; };
		FB96434F2C9B2B5B00D0FF95 /* ViewController.swift in Sources */ = {isa = PBXBuildFile; fileRef = FB96434E2C9B2B5B00D0FF95 /* ViewController.swift */; };
		FB9643522C9B2B5B00D0FF95 /* Base in Resources */ = {isa = PBXBuildFile; fileRef = FB9643512C9B2B5B00D0FF95 /* Base */; };
		FB9643542C9B2B5C00D0FF95 /* Assets.xcassets in Resources */ = {isa = PBXBuildFile; fileRef = FB9643532C9B2B5C00D0FF95 /* Assets.xcassets */; };
		FB9643572C9B2B5C00D0FF95 /* Base in Resources */ = {isa = PBXBuildFile; fileRef = FB9643562C9B2B5C00D0FF95 /* Base */; };
		FB9643622C9B2B5C00D0FF95 /* boceto_1Tests.swift in Sources */ = {isa = PBXBuildFile; fileRef = FB9643612C9B2B5C00D0FF95 /* boceto_1Tests.swift */; };
		FB96436C2C9B2B5C00D0FF95 /* boceto_1UITests.swift in Sources */ = {isa = PBXBuildFile; fileRef = FB96436B2C9B2B5C00D0FF95 /* boceto_1UITests.swift */; };
		FB96436E2C9B2B5C00D0FF95 /* boceto_1UITestsLaunchTests.swift in Sources */ = {isa = PBXBuildFile; fileRef = FB96436D2C9B2B5C00D0FF95 /* boceto_1UITestsLaunchTests.swift */; };
		FB96437C2C9B359E00D0FF95 /* IUBoton.swift in Sources */ = {isa = PBXBuildFile; fileRef = FB96437B2C9B359E00D0FF95 /* IUBoton.swift */; };
		FB96437E2C9B368D00D0FF95 /* Cita.swift in Sources */ = {isa = PBXBuildFile; fileRef = FB96437D2C9B368D00D0FF95 /* Cita.swift */; };
		FB9643802C9B370400D0FF95 /* generador_de_citas.swift in Sources */ = {isa = PBXBuildFile; fileRef = FB96437F2C9B370400D0FF95 /* generador_de_citas.swift */; };
		FBAAA4EF2CAD9A65007E2CD5 /* ControladorGeneradorCita.swift in Sources */ = {isa = PBXBuildFile; fileRef = FBAAA4EE2CAD9A65007E2CD5 /* ControladorGeneradorCita.swift */; };
		FBC9BCED2CA1C1ED0008E472 /* controlador_pantalla_citas.swift in Sources */ = {isa = PBXBuildFile; fileRef = FBC9BCEC2CA1C1ED0008E472 /* controlador_pantalla_citas.swift */; };
		FBCF31AA2C9DDB5D0098EA8A /* controladorVista.swift in Sources */ = {isa = PBXBuildFile; fileRef = FBCF31A92C9DDB5D0098EA8A /* controladorVista.swift */; };
/* End PBXBuildFile section */

/* Begin PBXContainerItemProxy section */
		FB96435E2C9B2B5C00D0FF95 /* PBXContainerItemProxy */ = {
			isa = PBXContainerItemProxy;
			containerPortal = FB96433F2C9B2B5B00D0FF95 /* Project object */;
			proxyType = 1;
			remoteGlobalIDString = FB9643462C9B2B5B00D0FF95;
			remoteInfo = boceto_1;
		};
		FB9643682C9B2B5C00D0FF95 /* PBXContainerItemProxy */ = {
			isa = PBXContainerItemProxy;
			containerPortal = FB96433F2C9B2B5B00D0FF95 /* Project object */;
			proxyType = 1;
			remoteGlobalIDString = FB9643462C9B2B5B00D0FF95;
			remoteInfo = boceto_1;
		};
/* End PBXContainerItemProxy section */

/* Begin PBXFileReference section */
		FB9643472C9B2B5B00D0FF95 /* boceto_1.app */ = {isa = PBXFileReference; explicitFileType = wrapper.application; includeInIndex = 0; path = boceto_1.app; sourceTree = BUILT_PRODUCTS_DIR; };
		FB96434A2C9B2B5B00D0FF95 /* AppDelegate.swift */ = {isa = PBXFileReference; lastKnownFileType = sourcecode.swift; path = AppDelegate.swift; sourceTree = "<group>"; };
		FB96434C2C9B2B5B00D0FF95 /* SceneDelegate.swift */ = {isa = PBXFileReference; lastKnownFileType = sourcecode.swift; path = SceneDelegate.swift; sourceTree = "<group>"; };
		FB96434E2C9B2B5B00D0FF95 /* ViewController.swift */ = {isa = PBXFileReference; lastKnownFileType = sourcecode.swift; path = ViewController.swift; sourceTree = "<group>"; };
		FB9643512C9B2B5B00D0FF95 /* Base */ = {isa = PBXFileReference; lastKnownFileType = file.storyboard; name = Base; path = Base.lproj/Main.storyboard; sourceTree = "<group>"; };
		FB9643532C9B2B5C00D0FF95 /* Assets.xcassets */ = {isa = PBXFileReference; lastKnownFileType = folder.assetcatalog; path = Assets.xcassets; sourceTree = "<group>"; };
		FB9643562C9B2B5C00D0FF95 /* Base */ = {isa = PBXFileReference; lastKnownFileType = file.storyboard; name = Base; path = Base.lproj/LaunchScreen.storyboard; sourceTree = "<group>"; };
		FB9643582C9B2B5C00D0FF95 /* Info.plist */ = {isa = PBXFileReference; lastKnownFileType = text.plist.xml; path = Info.plist; sourceTree = "<group>"; };
		FB96435D2C9B2B5C00D0FF95 /* boceto_1Tests.xctest */ = {isa = PBXFileReference; explicitFileType = wrapper.cfbundle; includeInIndex = 0; path = boceto_1Tests.xctest; sourceTree = BUILT_PRODUCTS_DIR; };
		FB9643612C9B2B5C00D0FF95 /* boceto_1Tests.swift */ = {isa = PBXFileReference; lastKnownFileType = sourcecode.swift; path = boceto_1Tests.swift; sourceTree = "<group>"; };
		FB9643672C9B2B5C00D0FF95 /* boceto_1UITests.xctest */ = {isa = PBXFileReference; explicitFileType = wrapper.cfbundle; includeInIndex = 0; path = boceto_1UITests.xctest; sourceTree = BUILT_PRODUCTS_DIR; };
		FB96436B2C9B2B5C00D0FF95 /* boceto_1UITests.swift */ = {isa = PBXFileReference; lastKnownFileType = sourcecode.swift; path = boceto_1UITests.swift; sourceTree = "<group>"; };
		FB96436D2C9B2B5C00D0FF95 /* boceto_1UITestsLaunchTests.swift */ = {isa = PBXFileReference; lastKnownFileType = sourcecode.swift; path = boceto_1UITestsLaunchTests.swift; sourceTree = "<group>"; };
		FB96437B2C9B359E00D0FF95 /* IUBoton.swift */ = {isa = PBXFileReference; lastKnownFileType = sourcecode.swift; path = IUBoton.swift; sourceTree = "<group>"; };
		FB96437D2C9B368D00D0FF95 /* Cita.swift */ = {isa = PBXFileReference; lastKnownFileType = sourcecode.swift; path = Cita.swift; sourceTree = "<group>"; };
		FB96437F2C9B370400D0FF95 /* generador_de_citas.swift */ = {isa = PBXFileReference; lastKnownFileType = sourcecode.swift; path = generador_de_citas.swift; sourceTree = "<group>"; };
		FBAAA4EE2CAD9A65007E2CD5 /* ControladorGeneradorCita.swift */ = {isa = PBXFileReference; lastKnownFileType = sourcecode.swift; path = ControladorGeneradorCita.swift; sourceTree = "<group>"; };
		FBC9BCEC2CA1C1ED0008E472 /* controlador_pantalla_citas.swift */ = {isa = PBXFileReference; lastKnownFileType = sourcecode.swift; path = controlador_pantalla_citas.swift; sourceTree = "<group>"; };
		FBCF31A92C9DDB5D0098EA8A /* controladorVista.swift */ = {isa = PBXFileReference; lastKnownFileType = sourcecode.swift; path = controladorVista.swift; sourceTree = "<group>"; };
/* End PBXFileReference section */

/* Begin PBXFrameworksBuildPhase section */
		FB9643442C9B2B5B00D0FF95 /* Frameworks */ = {
			isa = PBXFrameworksBuildPhase;
			buildActionMask = 2147483647;
			files = (
			);
			runOnlyForDeploymentPostprocessing = 0;
		};
		FB96435A2C9B2B5C00D0FF95 /* Frameworks */ = {
			isa = PBXFrameworksBuildPhase;
			buildActionMask = 2147483647;
			files = (
			);
			runOnlyForDeploymentPostprocessing = 0;
		};
		FB9643642C9B2B5C00D0FF95 /* Frameworks */ = {
			isa = PBXFrameworksBuildPhase;
			buildActionMask = 2147483647;
			files = (
			);
			runOnlyForDeploymentPostprocessing = 0;
		};
/* End PBXFrameworksBuildPhase section */

/* Begin PBXGroup section */
		FB96433E2C9B2B5B00D0FF95 = {
			isa = PBXGroup;
			children = (
				FBC9BCEB2CA1BFCB0008E472 /* controlador_de_vistas */,
				FBC9BCE82CA1BF4A0008E472 /* controlador */,
				FB9643492C9B2B5B00D0FF95 /* boceto_1 */,
				FB9643602C9B2B5C00D0FF95 /* boceto_1Tests */,
				FB96436A2C9B2B5C00D0FF95 /* boceto_1UITests */,
				FB9643482C9B2B5B00D0FF95 /* Products */,
			);
			sourceTree = "<group>";
		};
		FB9643482C9B2B5B00D0FF95 /* Products */ = {
			isa = PBXGroup;
			children = (
				FB9643472C9B2B5B00D0FF95 /* boceto_1.app */,
				FB96435D2C9B2B5C00D0FF95 /* boceto_1Tests.xctest */,
				FB9643672C9B2B5C00D0FF95 /* boceto_1UITests.xctest */,
			);
			name = Products;
			sourceTree = "<group>";
		};
		FB9643492C9B2B5B00D0FF95 /* boceto_1 */ = {
			isa = PBXGroup;
			children = (
				FB96437A2C9B357800D0FF95 /* modelo */,
				FB96434A2C9B2B5B00D0FF95 /* AppDelegate.swift */,
				FB96434C2C9B2B5B00D0FF95 /* SceneDelegate.swift */,
				FB96434E2C9B2B5B00D0FF95 /* ViewController.swift */,
				FB9643502C9B2B5B00D0FF95 /* Main.storyboard */,
				FB9643532C9B2B5C00D0FF95 /* Assets.xcassets */,
				FB9643552C9B2B5C00D0FF95 /* LaunchScreen.storyboard */,
				FB9643582C9B2B5C00D0FF95 /* Info.plist */,
			);
			path = boceto_1;
			sourceTree = "<group>";
		};
		FB9643602C9B2B5C00D0FF95 /* boceto_1Tests */ = {
			isa = PBXGroup;
			children = (
				FB9643612C9B2B5C00D0FF95 /* boceto_1Tests.swift */,
			);
			path = boceto_1Tests;
			sourceTree = "<group>";
		};
		FB96436A2C9B2B5C00D0FF95 /* boceto_1UITests */ = {
			isa = PBXGroup;
			children = (
				FB96436B2C9B2B5C00D0FF95 /* boceto_1UITests.swift */,
				FB96436D2C9B2B5C00D0FF95 /* boceto_1UITestsLaunchTests.swift */,
			);
			path = boceto_1UITests;
			sourceTree = "<group>";
		};
		FB96437A2C9B357800D0FF95 /* modelo */ = {
			isa = PBXGroup;
			children = (
				FB96437B2C9B359E00D0FF95 /* IUBoton.swift */,
				FB96437D2C9B368D00D0FF95 /* Cita.swift */,
				FBCF31A92C9DDB5D0098EA8A /* controladorVista.swift */,
			);
			path = modelo;
			sourceTree = "<group>";
		};
		FBC9BCE82CA1BF4A0008E472 /* controlador */ = {
			isa = PBXGroup;
			children = (
				FB96437F2C9B370400D0FF95 /* generador_de_citas.swift */,
			);
			path = controlador;
			sourceTree = "<group>";
		};
		FBC9BCEB2CA1BFCB0008E472 /* controlador_de_vistas */ = {
			isa = PBXGroup;
			children = (
				FBC9BCEC2CA1C1ED0008E472 /* controlador_pantalla_citas.swift */,
				FBAAA4EE2CAD9A65007E2CD5 /* ControladorGeneradorCita.swift */,
			);
			path = controlador_de_vistas;
			sourceTree = "<group>";
		};
/* End PBXGroup section */

/* Begin PBXNativeTarget section */
		FB9643462C9B2B5B00D0FF95 /* boceto_1 */ = {
			isa = PBXNativeTarget;
			buildConfigurationList = FB9643712C9B2B5C00D0FF95 /* Build configuration list for PBXNativeTarget "boceto_1" */;
			buildPhases = (
				FB9643432C9B2B5B00D0FF95 /* Sources */,
				FB9643442C9B2B5B00D0FF95 /* Frameworks */,
				FB9643452C9B2B5B00D0FF95 /* Resources */,
			);
			buildRules = (
			);
			dependencies = (
			);
			name = boceto_1;
			productName = boceto_1;
			productReference = FB9643472C9B2B5B00D0FF95 /* boceto_1.app */;
			productType = "com.apple.product-type.application";
		};
		FB96435C2C9B2B5C00D0FF95 /* boceto_1Tests */ = {
			isa = PBXNativeTarget;
			buildConfigurationList = FB9643742C9B2B5C00D0FF95 /* Build configuration list for PBXNativeTarget "boceto_1Tests" */;
			buildPhases = (
				FB9643592C9B2B5C00D0FF95 /* Sources */,
				FB96435A2C9B2B5C00D0FF95 /* Frameworks */,
				FB96435B2C9B2B5C00D0FF95 /* Resources */,
			);
			buildRules = (
			);
			dependencies = (
				FB96435F2C9B2B5C00D0FF95 /* PBXTargetDependency */,
			);
			name = boceto_1Tests;
			productName = boceto_1Tests;
			productReference = FB96435D2C9B2B5C00D0FF95 /* boceto_1Tests.xctest */;
			productType = "com.apple.product-type.bundle.unit-test";
		};
		FB9643662C9B2B5C00D0FF95 /* boceto_1UITests */ = {
			isa = PBXNativeTarget;
			buildConfigurationList = FB9643772C9B2B5C00D0FF95 /* Build configuration list for PBXNativeTarget "boceto_1UITests" */;
			buildPhases = (
				FB9643632C9B2B5C00D0FF95 /* Sources */,
				FB9643642C9B2B5C00D0FF95 /* Frameworks */,
				FB9643652C9B2B5C00D0FF95 /* Resources */,
			);
			buildRules = (
			);
			dependencies = (
				FB9643692C9B2B5C00D0FF95 /* PBXTargetDependency */,
			);
			name = boceto_1UITests;
			productName = boceto_1UITests;
			productReference = FB9643672C9B2B5C00D0FF95 /* boceto_1UITests.xctest */;
			productType = "com.apple.product-type.bundle.ui-testing";
		};
/* End PBXNativeTarget section */

/* Begin PBXProject section */
		FB96433F2C9B2B5B00D0FF95 /* Project object */ = {
			isa = PBXProject;
			attributes = {
				BuildIndependentTargetsInParallel = 1;
				LastSwiftUpdateCheck = 1540;
				LastUpgradeCheck = 1540;
				TargetAttributes = {
					FB9643462C9B2B5B00D0FF95 = {
						CreatedOnToolsVersion = 15.4;
					};
					FB96435C2C9B2B5C00D0FF95 = {
						CreatedOnToolsVersion = 15.4;
						TestTargetID = FB9643462C9B2B5B00D0FF95;
					};
					FB9643662C9B2B5C00D0FF95 = {
						CreatedOnToolsVersion = 15.4;
						TestTargetID = FB9643462C9B2B5B00D0FF95;
					};
				};
			};
			buildConfigurationList = FB9643422C9B2B5B00D0FF95 /* Build configuration list for PBXProject "boceto_1" */;
			compatibilityVersion = "Xcode 14.0";
			developmentRegion = en;
			hasScannedForEncodings = 0;
			knownRegions = (
				en,
				Base,
			);
			mainGroup = FB96433E2C9B2B5B00D0FF95;
			productRefGroup = FB9643482C9B2B5B00D0FF95 /* Products */;
			projectDirPath = "";
			projectRoot = "";
			targets = (
				FB9643462C9B2B5B00D0FF95 /* boceto_1 */,
				FB96435C2C9B2B5C00D0FF95 /* boceto_1Tests */,
				FB9643662C9B2B5C00D0FF95 /* boceto_1UITests */,
			);
		};
/* End PBXProject section */

/* Begin PBXResourcesBuildPhase section */
		FB9643452C9B2B5B00D0FF95 /* Resources */ = {
			isa = PBXResourcesBuildPhase;
			buildActionMask = 2147483647;
			files = (
				FB9643542C9B2B5C00D0FF95 /* Assets.xcassets in Resources */,
				FB9643572C9B2B5C00D0FF95 /* Base in Resources */,
				FB9643522C9B2B5B00D0FF95 /* Base in Resources */,
			);
			runOnlyForDeploymentPostprocessing = 0;
		};
		FB96435B2C9B2B5C00D0FF95 /* Resources */ = {
			isa = PBXResourcesBuildPhase;
			buildActionMask = 2147483647;
			files = (
			);
			runOnlyForDeploymentPostprocessing = 0;
		};
		FB9643652C9B2B5C00D0FF95 /* Resources */ = {
			isa = PBXResourcesBuildPhase;
			buildActionMask = 2147483647;
			files = (
			);
			runOnlyForDeploymentPostprocessing = 0;
		};
/* End PBXResourcesBuildPhase section */

/* Begin PBXSourcesBuildPhase section */
		FB9643432C9B2B5B00D0FF95 /* Sources */ = {
			isa = PBXSourcesBuildPhase;
			buildActionMask = 2147483647;
			files = (
				FB96437C2C9B359E00D0FF95 /* IUBoton.swift in Sources */,
				FB9643802C9B370400D0FF95 /* generador_de_citas.swift in Sources */,
				FBCF31AA2C9DDB5D0098EA8A /* controladorVista.swift in Sources */,
				FB96437E2C9B368D00D0FF95 /* Cita.swift in Sources */,
				FB96434F2C9B2B5B00D0FF95 /* ViewController.swift in Sources */,
				FBC9BCED2CA1C1ED0008E472 /* controlador_pantalla_citas.swift in Sources */,
				FB96434B2C9B2B5B00D0FF95 /* AppDelegate.swift in Sources */,
				FB96434D2C9B2B5B00D0FF95 /* SceneDelegate.swift in Sources */,
				FBAAA4EF2CAD9A65007E2CD5 /* ControladorGeneradorCita.swift in Sources */,
			);
			runOnlyForDeploymentPostprocessing = 0;
		};
		FB9643592C9B2B5C00D0FF95 /* Sources */ = {
			isa = PBXSourcesBuildPhase;
			buildActionMask = 2147483647;
			files = (
				FB9643622C9B2B5C00D0FF95 /* boceto_1Tests.swift in Sources */,
			);
			runOnlyForDeploymentPostprocessing = 0;
		};
		FB9643632C9B2B5C00D0FF95 /* Sources */ = {
			isa = PBXSourcesBuildPhase;
			buildActionMask = 2147483647;
			files = (
				FB96436E2C9B2B5C00D0FF95 /* boceto_1UITestsLaunchTests.swift in Sources */,
				FB96436C2C9B2B5C00D0FF95 /* boceto_1UITests.swift in Sources */,
			);
			runOnlyForDeploymentPostprocessing = 0;
		};
/* End PBXSourcesBuildPhase section */

/* Begin PBXTargetDependency section */
		FB96435F2C9B2B5C00D0FF95 /* PBXTargetDependency */ = {
			isa = PBXTargetDependency;
			target = FB9643462C9B2B5B00D0FF95 /* boceto_1 */;
			targetProxy = FB96435E2C9B2B5C00D0FF95 /* PBXContainerItemProxy */;
		};
		FB9643692C9B2B5C00D0FF95 /* PBXTargetDependency */ = {
			isa = PBXTargetDependency;
			target = FB9643462C9B2B5B00D0FF95 /* boceto_1 */;
			targetProxy = FB9643682C9B2B5C00D0FF95 /* PBXContainerItemProxy */;
		};
/* End PBXTargetDependency section */

/* Begin PBXVariantGroup section */
		FB9643502C9B2B5B00D0FF95 /* Main.storyboard */ = {
			isa = PBXVariantGroup;
			children = (
				FB9643512C9B2B5B00D0FF95 /* Base */,
			);
			name = Main.storyboard;
			sourceTree = "<group>";
		};
		FB9643552C9B2B5C00D0FF95 /* LaunchScreen.storyboard */ = {
			isa = PBXVariantGroup;
			children = (
				FB9643562C9B2B5C00D0FF95 /* Base */,
			);
			name = LaunchScreen.storyboard;
			sourceTree = "<group>";
		};
/* End PBXVariantGroup section */

/* Begin XCBuildConfiguration section */
		FB96436F2C9B2B5C00D0FF95 /* Debug */ = {
			isa = XCBuildConfiguration;
			buildSettings = {
				ALWAYS_SEARCH_USER_PATHS = NO;
				ASSETCATALOG_COMPILER_GENERATE_SWIFT_ASSET_SYMBOL_EXTENSIONS = YES;
				CLANG_ANALYZER_NONNULL = YES;
				CLANG_ANALYZER_NUMBER_OBJECT_CONVERSION = YES_AGGRESSIVE;
				CLANG_CXX_LANGUAGE_STANDARD = "gnu++20";
				CLANG_ENABLE_MODULES = YES;
				CLANG_ENABLE_OBJC_ARC = YES;
				CLANG_ENABLE_OBJC_WEAK = YES;
				CLANG_WARN_BLOCK_CAPTURE_AUTORELEASING = YES;
				CLANG_WARN_BOOL_CONVERSION = YES;
				CLANG_WARN_COMMA = YES;
				CLANG_WARN_CONSTANT_CONVERSION = YES;
				CLANG_WARN_DEPRECATED_OBJC_IMPLEMENTATIONS = YES;
				CLANG_WARN_DIRECT_OBJC_ISA_USAGE = YES_ERROR;
				CLANG_WARN_DOCUMENTATION_COMMENTS = YES;
				CLANG_WARN_EMPTY_BODY = YES;
				CLANG_WARN_ENUM_CONVERSION = YES;
				CLANG_WARN_INFINITE_RECURSION = YES;
				CLANG_WARN_INT_CONVERSION = YES;
				CLANG_WARN_NON_LITERAL_NULL_CONVERSION = YES;
				CLANG_WARN_OBJC_IMPLICIT_RETAIN_SELF = YES;
				CLANG_WARN_OBJC_LITERAL_CONVERSION = YES;
				CLANG_WARN_OBJC_ROOT_CLASS = YES_ERROR;
				CLANG_WARN_QUOTED_INCLUDE_IN_FRAMEWORK_HEADER = YES;
				CLANG_WARN_RANGE_LOOP_ANALYSIS = YES;
				CLANG_WARN_STRICT_PROTOTYPES = YES;
				CLANG_WARN_SUSPICIOUS_MOVE = YES;
				CLANG_WARN_UNGUARDED_AVAILABILITY = YES_AGGRESSIVE;
				CLANG_WARN_UNREACHABLE_CODE = YES;
				CLANG_WARN__DUPLICATE_METHOD_MATCH = YES;
				COPY_PHASE_STRIP = NO;
				DEBUG_INFORMATION_FORMAT = dwarf;
				ENABLE_STRICT_OBJC_MSGSEND = YES;
				ENABLE_TESTABILITY = YES;
				ENABLE_USER_SCRIPT_SANDBOXING = YES;
				GCC_C_LANGUAGE_STANDARD = gnu17;
				GCC_DYNAMIC_NO_PIC = NO;
				GCC_NO_COMMON_BLOCKS = YES;
				GCC_OPTIMIZATION_LEVEL = 0;
				GCC_PREPROCESSOR_DEFINITIONS = (
					"DEBUG=1",
					"$(inherited)",
				);
				GCC_WARN_64_TO_32_BIT_CONVERSION = YES;
				GCC_WARN_ABOUT_RETURN_TYPE = YES_ERROR;
				GCC_WARN_UNDECLARED_SELECTOR = YES;
				GCC_WARN_UNINITIALIZED_AUTOS = YES_AGGRESSIVE;
				GCC_WARN_UNUSED_FUNCTION = YES;
				GCC_WARN_UNUSED_VARIABLE = YES;
				IPHONEOS_DEPLOYMENT_TARGET = 17.5;
				LOCALIZATION_PREFERS_STRING_CATALOGS = YES;
				MTL_ENABLE_DEBUG_INFO = INCLUDE_SOURCE;
				MTL_FAST_MATH = YES;
				ONLY_ACTIVE_ARCH = YES;
				SDKROOT = iphoneos;
				SWIFT_ACTIVE_COMPILATION_CONDITIONS = "DEBUG $(inherited)";
				SWIFT_OPTIMIZATION_LEVEL = "-Onone";
			};
			name = Debug;
		};
		FB9643702C9B2B5C00D0FF95 /* Release */ = {
			isa = XCBuildConfiguration;
			buildSettings = {
				ALWAYS_SEARCH_USER_PATHS = NO;
				ASSETCATALOG_COMPILER_GENERATE_SWIFT_ASSET_SYMBOL_EXTENSIONS = YES;
				CLANG_ANALYZER_NONNULL = YES;
				CLANG_ANALYZER_NUMBER_OBJECT_CONVERSION = YES_AGGRESSIVE;
				CLANG_CXX_LANGUAGE_STANDARD = "gnu++20";
				CLANG_ENABLE_MODULES = YES;
				CLANG_ENABLE_OBJC_ARC = YES;
				CLANG_ENABLE_OBJC_WEAK = YES;
				CLANG_WARN_BLOCK_CAPTURE_AUTORELEASING = YES;
				CLANG_WARN_BOOL_CONVERSION = YES;
				CLANG_WARN_COMMA = YES;
				CLANG_WARN_CONSTANT_CONVERSION = YES;
				CLANG_WARN_DEPRECATED_OBJC_IMPLEMENTATIONS = YES;
				CLANG_WARN_DIRECT_OBJC_ISA_USAGE = YES_ERROR;
				CLANG_WARN_DOCUMENTATION_COMMENTS = YES;
				CLANG_WARN_EMPTY_BODY = YES;
				CLANG_WARN_ENUM_CONVERSION = YES;
				CLANG_WARN_INFINITE_RECURSION = YES;
				CLANG_WARN_INT_CONVERSION = YES;
				CLANG_WARN_NON_LITERAL_NULL_CONVERSION = YES;
				CLANG_WARN_OBJC_IMPLICIT_RETAIN_SELF = YES;
				CLANG_WARN_OBJC_LITERAL_CONVERSION = YES;
				CLANG_WARN_OBJC_ROOT_CLASS = YES_ERROR;
				CLANG_WARN_QUOTED_INCLUDE_IN_FRAMEWORK_HEADER = YES;
				CLANG_WARN_RANGE_LOOP_ANALYSIS = YES;
				CLANG_WARN_STRICT_PROTOTYPES = YES;
				CLANG_WARN_SUSPICIOUS_MOVE = YES;
				CLANG_WARN_UNGUARDED_AVAILABILITY = YES_AGGRESSIVE;
				CLANG_WARN_UNREACHABLE_CODE = YES;
				CLANG_WARN__DUPLICATE_METHOD_MATCH = YES;
				COPY_PHASE_STRIP = NO;
				DEBUG_INFORMATION_FORMAT = "dwarf-with-dsym";
				ENABLE_NS_ASSERTIONS = NO;
				ENABLE_STRICT_OBJC_MSGSEND = YES;
				ENABLE_USER_SCRIPT_SANDBOXING = YES;
				GCC_C_LANGUAGE_STANDARD = gnu17;
				GCC_NO_COMMON_BLOCKS = YES;
				GCC_WARN_64_TO_32_BIT_CONVERSION = YES;
				GCC_WARN_ABOUT_RETURN_TYPE = YES_ERROR;
				GCC_WARN_UNDECLARED_SELECTOR = YES;
				GCC_WARN_UNINITIALIZED_AUTOS = YES_AGGRESSIVE;
				GCC_WARN_UNUSED_FUNCTION = YES;
				GCC_WARN_UNUSED_VARIABLE = YES;
				IPHONEOS_DEPLOYMENT_TARGET = 17.5;
				LOCALIZATION_PREFERS_STRING_CATALOGS = YES;
				MTL_ENABLE_DEBUG_INFO = NO;
				MTL_FAST_MATH = YES;
				SDKROOT = iphoneos;
				SWIFT_COMPILATION_MODE = wholemodule;
				VALIDATE_PRODUCT = YES;
			};
			name = Release;
		};
		FB9643722C9B2B5C00D0FF95 /* Debug */ = {
			isa = XCBuildConfiguration;
			buildSettings = {
				ASSETCATALOG_COMPILER_APPICON_NAME = AppIcon;
				ASSETCATALOG_COMPILER_GLOBAL_ACCENT_COLOR_NAME = AccentColor;
				CODE_SIGN_STYLE = Automatic;
				CURRENT_PROJECT_VERSION = 1;
				GENERATE_INFOPLIST_FILE = YES;
				INFOPLIST_FILE = boceto_1/Info.plist;
				INFOPLIST_KEY_UIApplicationSupportsIndirectInputEvents = YES;
				INFOPLIST_KEY_UILaunchStoryboardName = LaunchScreen;
				INFOPLIST_KEY_UIMainStoryboardFile = Main;
				INFOPLIST_KEY_UISupportedInterfaceOrientations_iPad = "UIInterfaceOrientationPortrait UIInterfaceOrientationPortraitUpsideDown UIInterfaceOrientationLandscapeLeft UIInterfaceOrientationLandscapeRight";
				INFOPLIST_KEY_UISupportedInterfaceOrientations_iPhone = "UIInterfaceOrientationPortrait UIInterfaceOrientationLandscapeLeft UIInterfaceOrientationLandscapeRight";
				LD_RUNPATH_SEARCH_PATHS = (
					"$(inherited)",
					"@executable_path/Frameworks",
				);
				MARKETING_VERSION = 1.0;
				PRODUCT_BUNDLE_IDENTIFIER = "mx.uacj.calculadora-lola.boceto-1";
				PRODUCT_NAME = "$(TARGET_NAME)";
				SWIFT_EMIT_LOC_STRINGS = YES;
				SWIFT_VERSION = 5.0;
				TARGETED_DEVICE_FAMILY = "1,2";
			};
			name = Debug;
		};
		FB9643732C9B2B5C00D0FF95 /* Release */ = {
			isa = XCBuildConfiguration;
			buildSettings = {
				ASSETCATALOG_COMPILER_APPICON_NAME = AppIcon;
				ASSETCATALOG_COMPILER_GLOBAL_ACCENT_COLOR_NAME = AccentColor;
				CODE_SIGN_STYLE = Automatic;
				CURRENT_PROJECT_VERSION = 1;
				GENERATE_INFOPLIST_FILE = YES;
				INFOPLIST_FILE = boceto_1/Info.plist;
				INFOPLIST_KEY_UIApplicationSupportsIndirectInputEvents = YES;
				INFOPLIST_KEY_UILaunchStoryboardName = LaunchScreen;
				INFOPLIST_KEY_UIMainStoryboardFile = Main;
				INFOPLIST_KEY_UISupportedInterfaceOrientations_iPad = "UIInterfaceOrientationPortrait UIInterfaceOrientationPortraitUpsideDown UIInterfaceOrientationLandscapeLeft UIInterfaceOrientationLandscapeRight";
				INFOPLIST_KEY_UISupportedInterfaceOrientations_iPhone = "UIInterfaceOrientationPortrait UIInterfaceOrientationLandscapeLeft UIInterfaceOrientationLandscapeRight";
				LD_RUNPATH_SEARCH_PATHS = (
					"$(inherited)",
					"@executable_path/Frameworks",
				);
				MARKETING_VERSION = 1.0;
				PRODUCT_BUNDLE_IDENTIFIER = "mx.uacj.calculadora-lola.boceto-1";
				PRODUCT_NAME = "$(TARGET_NAME)";
				SWIFT_EMIT_LOC_STRINGS = YES;
				SWIFT_VERSION = 5.0;
				TARGETED_DEVICE_FAMILY = "1,2";
			};
			name = Release;
		};
		FB9643752C9B2B5C00D0FF95 /* Debug */ = {
			isa = XCBuildConfiguration;
			buildSettings = {
				ALWAYS_EMBED_SWIFT_STANDARD_LIBRARIES = YES;
				BUNDLE_LOADER = "$(TEST_HOST)";
				CODE_SIGN_STYLE = Automatic;
				CURRENT_PROJECT_VERSION = 1;
				GENERATE_INFOPLIST_FILE = YES;
				IPHONEOS_DEPLOYMENT_TARGET = 17.5;
				MARKETING_VERSION = 1.0;
				PRODUCT_BUNDLE_IDENTIFIER = "mx.uacj.calculadora-lola.boceto-1Tests";
				PRODUCT_NAME = "$(TARGET_NAME)";
				SWIFT_EMIT_LOC_STRINGS = NO;
				SWIFT_VERSION = 5.0;
				TARGETED_DEVICE_FAMILY = "1,2";
				TEST_HOST = "$(BUILT_PRODUCTS_DIR)/boceto_1.app/$(BUNDLE_EXECUTABLE_FOLDER_PATH)/boceto_1";
			};
			name = Debug;
		};
		FB9643762C9B2B5C00D0FF95 /* Release */ = {
			isa = XCBuildConfiguration;
			buildSettings = {
				ALWAYS_EMBED_SWIFT_STANDARD_LIBRARIES = YES;
				BUNDLE_LOADER = "$(TEST_HOST)";
				CODE_SIGN_STYLE = Automatic;
				CURRENT_PROJECT_VERSION = 1;
				GENERATE_INFOPLIST_FILE = YES;
				IPHONEOS_DEPLOYMENT_TARGET = 17.5;
				MARKETING_VERSION = 1.0;
				PRODUCT_BUNDLE_IDENTIFIER = "mx.uacj.calculadora-lola.boceto-1Tests";
				PRODUCT_NAME = "$(TARGET_NAME)";
				SWIFT_EMIT_LOC_STRINGS = NO;
				SWIFT_VERSION = 5.0;
				TARGETED_DEVICE_FAMILY = "1,2";
				TEST_HOST = "$(BUILT_PRODUCTS_DIR)/boceto_1.app/$(BUNDLE_EXECUTABLE_FOLDER_PATH)/boceto_1";
			};
			name = Release;
		};
		FB9643782C9B2B5C00D0FF95 /* Debug */ = {
			isa = XCBuildConfiguration;
			buildSettings = {
				ALWAYS_EMBED_SWIFT_STANDARD_LIBRARIES = YES;
				CODE_SIGN_STYLE = Automatic;
				CURRENT_PROJECT_VERSION = 1;
				GENERATE_INFOPLIST_FILE = YES;
				MARKETING_VERSION = 1.0;
				PRODUCT_BUNDLE_IDENTIFIER = "mx.uacj.calculadora-lola.boceto-1UITests";
				PRODUCT_NAME = "$(TARGET_NAME)";
				SWIFT_EMIT_LOC_STRINGS = NO;
				SWIFT_VERSION = 5.0;
				TARGETED_DEVICE_FAMILY = "1,2";
				TEST_TARGET_NAME = boceto_1;
			};
			name = Debug;
		};
		FB9643792C9B2B5C00D0FF95 /* Release */ = {
			isa = XCBuildConfiguration;
			buildSettings = {
				ALWAYS_EMBED_SWIFT_STANDARD_LIBRARIES = YES;
				CODE_SIGN_STYLE = Automatic;
				CURRENT_PROJECT_VERSION = 1;
				GENERATE_INFOPLIST_FILE = YES;
				MARKETING_VERSION = 1.0;
				PRODUCT_BUNDLE_IDENTIFIER = "mx.uacj.calculadora-lola.boceto-1UITests";
				PRODUCT_NAME = "$(TARGET_NAME)";
				SWIFT_EMIT_LOC_STRINGS = NO;
				SWIFT_VERSION = 5.0;
				TARGETED_DEVICE_FAMILY = "1,2";
				TEST_TARGET_NAME = boceto_1;
			};
			name = Release;
		};
/* End XCBuildConfiguration section */

/* Begin XCConfigurationList section */
		FB9643422C9B2B5B00D0FF95 /* Build configuration list for PBXProject "boceto_1" */ = {
			isa = XCConfigurationList;
			buildConfigurations = (
				FB96436F2C9B2B5C00D0FF95 /* Debug */,
				FB9643702C9B2B5C00D0FF95 /* Release */,
			);
			defaultConfigurationIsVisible = 0;
			defaultConfigurationName = Release;
		};
		FB9643712C9B2B5C00D0FF95 /* Build configuration list for PBXNativeTarget "boceto_1" */ = {
			isa = XCConfigurationList;
			buildConfigurations = (
				FB9643722C9B2B5C00D0FF95 /* Debug */,
				FB9643732C9B2B5C00D0FF95 /* Release */,
			);
			defaultConfigurationIsVisible = 0;
			defaultConfigurationName = Release;
		};
		FB9643742C9B2B5C00D0FF95 /* Build configuration list for PBXNativeTarget "boceto_1Tests" */ = {
			isa = XCConfigurationList;
			buildConfigurations = (
				FB9643752C9B2B5C00D0FF95 /* Debug */,
				FB9643762C9B2B5C00D0FF95 /* Release */,
			);
			defaultConfigurationIsVisible = 0;
			defaultConfigurationName = Release;
		};
		FB9643772C9B2B5C00D0FF95 /* Build configuration list for PBXNativeTarget "boceto_1UITests" */ = {
			isa = XCConfigurationList;
			buildConfigurations = (
				FB9643782C9B2B5C00D0FF95 /* Debug */,
				FB9643792C9B2B5C00D0FF95 /* Release */,
			);
			defaultConfigurationIsVisible = 0;
			defaultConfigurationName = Release;
		};
/* End XCConfigurationList section */
	};
	rootObject = FB96433F2C9B2B5B00D0FF95 /* Project object */;
}
