// !$*UTF8*$!
{
	archiveVersion = 1;
	classes = {
	};
	objectVersion = 56;
	objects = {

/* Begin PBXBuildFile section */
		FB09E9392CD285CD00559733 /* RealityKitContent in Frameworks */ = {isa = PBXBuildFile; productRef = FB09E9382CD285CD00559733 /* RealityKitContent */; };
		FB09E93B2CD285CD00559733 /* boceto_4_subiendo_fotosApp.swift in Sources */ = {isa = PBXBuildFile; fileRef = FB09E93A2CD285CD00559733 /* boceto_4_subiendo_fotosApp.swift */; };
		FB09E93D2CD285CD00559733 /* ContentView.swift in Sources */ = {isa = PBXBuildFile; fileRef = FB09E93C2CD285CD00559733 /* ContentView.swift */; };
		FB09E93F2CD285CD00559733 /* ImmersiveView.swift in Sources */ = {isa = PBXBuildFile; fileRef = FB09E93E2CD285CD00559733 /* ImmersiveView.swift */; };
		FB09E9412CD285CD00559733 /* ImageBasedLighting.skybox in Resources */ = {isa = PBXBuildFile; fileRef = FB09E9402CD285CD00559733 /* ImageBasedLighting.skybox */; };
		FB09E9432CD285CD00559733 /* Assets.xcassets in Resources */ = {isa = PBXBuildFile; fileRef = FB09E9422CD285CD00559733 /* Assets.xcassets */; };
		FB09E9462CD285CD00559733 /* Preview Assets.xcassets in Resources */ = {isa = PBXBuildFile; fileRef = FB09E9452CD285CD00559733 /* Preview Assets.xcassets */; };
		FB09E9512CD285CD00559733 /* boceto_4_subiendo_fotosTests.swift in Sources */ = {isa = PBXBuildFile; fileRef = FB09E9502CD285CD00559733 /* boceto_4_subiendo_fotosTests.swift */; };
/* End PBXBuildFile section */

/* Begin PBXContainerItemProxy section */
		FB09E94D2CD285CD00559733 /* PBXContainerItemProxy */ = {
			isa = PBXContainerItemProxy;
			containerPortal = FB09E92B2CD285CD00559733 /* Project object */;
			proxyType = 1;
			remoteGlobalIDString = FB09E9322CD285CD00559733;
			remoteInfo = boceto_4_subiendo_fotos;
		};
/* End PBXContainerItemProxy section */

/* Begin PBXFileReference section */
		FB09E9332CD285CD00559733 /* boceto_4_subiendo_fotos.app */ = {isa = PBXFileReference; explicitFileType = wrapper.application; includeInIndex = 0; path = boceto_4_subiendo_fotos.app; sourceTree = BUILT_PRODUCTS_DIR; };
		FB09E9372CD285CD00559733 /* RealityKitContent */ = {isa = PBXFileReference; lastKnownFileType = wrapper; path = RealityKitContent; sourceTree = "<group>"; };
		FB09E93A2CD285CD00559733 /* boceto_4_subiendo_fotosApp.swift */ = {isa = PBXFileReference; lastKnownFileType = sourcecode.swift; path = boceto_4_subiendo_fotosApp.swift; sourceTree = "<group>"; };
		FB09E93C2CD285CD00559733 /* ContentView.swift */ = {isa = PBXFileReference; lastKnownFileType = sourcecode.swift; path = ContentView.swift; sourceTree = "<group>"; };
		FB09E93E2CD285CD00559733 /* ImmersiveView.swift */ = {isa = PBXFileReference; lastKnownFileType = sourcecode.swift; path = ImmersiveView.swift; sourceTree = "<group>"; };
		FB09E9402CD285CD00559733 /* ImageBasedLighting.skybox */ = {isa = PBXFileReference; lastKnownFileType = file.skybox; path = ImageBasedLighting.skybox; sourceTree = "<group>"; };
		FB09E9422CD285CD00559733 /* Assets.xcassets */ = {isa = PBXFileReference; lastKnownFileType = folder.assetcatalog; path = Assets.xcassets; sourceTree = "<group>"; };
		FB09E9452CD285CD00559733 /* Preview Assets.xcassets */ = {isa = PBXFileReference; lastKnownFileType = folder.assetcatalog; path = "Preview Assets.xcassets"; sourceTree = "<group>"; };
		FB09E9472CD285CD00559733 /* Info.plist */ = {isa = PBXFileReference; lastKnownFileType = text.plist.xml; path = Info.plist; sourceTree = "<group>"; };
		FB09E94C2CD285CD00559733 /* boceto_4_subiendo_fotosTests.xctest */ = {isa = PBXFileReference; explicitFileType = wrapper.cfbundle; includeInIndex = 0; path = boceto_4_subiendo_fotosTests.xctest; sourceTree = BUILT_PRODUCTS_DIR; };
		FB09E9502CD285CD00559733 /* boceto_4_subiendo_fotosTests.swift */ = {isa = PBXFileReference; lastKnownFileType = sourcecode.swift; path = boceto_4_subiendo_fotosTests.swift; sourceTree = "<group>"; };
/* End PBXFileReference section */

/* Begin PBXFrameworksBuildPhase section */
		FB09E9302CD285CD00559733 /* Frameworks */ = {
			isa = PBXFrameworksBuildPhase;
			buildActionMask = 2147483647;
			files = (
				FB09E9392CD285CD00559733 /* RealityKitContent in Frameworks */,
			);
			runOnlyForDeploymentPostprocessing = 0;
		};
		FB09E9492CD285CD00559733 /* Frameworks */ = {
			isa = PBXFrameworksBuildPhase;
			buildActionMask = 2147483647;
			files = (
			);
			runOnlyForDeploymentPostprocessing = 0;
		};
/* End PBXFrameworksBuildPhase section */

/* Begin PBXGroup section */
		FB09E92A2CD285CD00559733 = {
			isa = PBXGroup;
			children = (
				FB09E9352CD285CD00559733 /* boceto_4_subiendo_fotos */,
				FB09E9362CD285CD00559733 /* Packages */,
				FB09E94F2CD285CD00559733 /* boceto_4_subiendo_fotosTests */,
				FB09E9342CD285CD00559733 /* Products */,
			);
			sourceTree = "<group>";
		};
		FB09E9342CD285CD00559733 /* Products */ = {
			isa = PBXGroup;
			children = (
				FB09E9332CD285CD00559733 /* boceto_4_subiendo_fotos.app */,
				FB09E94C2CD285CD00559733 /* boceto_4_subiendo_fotosTests.xctest */,
			);
			name = Products;
			sourceTree = "<group>";
		};
		FB09E9352CD285CD00559733 /* boceto_4_subiendo_fotos */ = {
			isa = PBXGroup;
			children = (
				FB09E93A2CD285CD00559733 /* boceto_4_subiendo_fotosApp.swift */,
				FB09E93C2CD285CD00559733 /* ContentView.swift */,
				FB09E93E2CD285CD00559733 /* ImmersiveView.swift */,
				FB09E9402CD285CD00559733 /* ImageBasedLighting.skybox */,
				FB09E9422CD285CD00559733 /* Assets.xcassets */,
				FB09E9472CD285CD00559733 /* Info.plist */,
				FB09E9442CD285CD00559733 /* Preview Content */,
			);
			path = boceto_4_subiendo_fotos;
			sourceTree = "<group>";
		};
		FB09E9362CD285CD00559733 /* Packages */ = {
			isa = PBXGroup;
			children = (
				FB09E9372CD285CD00559733 /* RealityKitContent */,
			);
			path = Packages;
			sourceTree = "<group>";
		};
		FB09E9442CD285CD00559733 /* Preview Content */ = {
			isa = PBXGroup;
			children = (
				FB09E9452CD285CD00559733 /* Preview Assets.xcassets */,
			);
			path = "Preview Content";
			sourceTree = "<group>";
		};
		FB09E94F2CD285CD00559733 /* boceto_4_subiendo_fotosTests */ = {
			isa = PBXGroup;
			children = (
				FB09E9502CD285CD00559733 /* boceto_4_subiendo_fotosTests.swift */,
			);
			path = boceto_4_subiendo_fotosTests;
			sourceTree = "<group>";
		};
/* End PBXGroup section */

/* Begin PBXNativeTarget section */
		FB09E9322CD285CD00559733 /* boceto_4_subiendo_fotos */ = {
			isa = PBXNativeTarget;
			buildConfigurationList = FB09E9542CD285CD00559733 /* Build configuration list for PBXNativeTarget "boceto_4_subiendo_fotos" */;
			buildPhases = (
				FB09E92F2CD285CD00559733 /* Sources */,
				FB09E9302CD285CD00559733 /* Frameworks */,
				FB09E9312CD285CD00559733 /* Resources */,
			);
			buildRules = (
			);
			dependencies = (
			);
			name = boceto_4_subiendo_fotos;
			packageProductDependencies = (
				FB09E9382CD285CD00559733 /* RealityKitContent */,
			);
			productName = boceto_4_subiendo_fotos;
			productReference = FB09E9332CD285CD00559733 /* boceto_4_subiendo_fotos.app */;
			productType = "com.apple.product-type.application";
		};
		FB09E94B2CD285CD00559733 /* boceto_4_subiendo_fotosTests */ = {
			isa = PBXNativeTarget;
			buildConfigurationList = FB09E9572CD285CD00559733 /* Build configuration list for PBXNativeTarget "boceto_4_subiendo_fotosTests" */;
			buildPhases = (
				FB09E9482CD285CD00559733 /* Sources */,
				FB09E9492CD285CD00559733 /* Frameworks */,
				FB09E94A2CD285CD00559733 /* Resources */,
			);
			buildRules = (
			);
			dependencies = (
				FB09E94E2CD285CD00559733 /* PBXTargetDependency */,
			);
			name = boceto_4_subiendo_fotosTests;
			productName = boceto_4_subiendo_fotosTests;
			productReference = FB09E94C2CD285CD00559733 /* boceto_4_subiendo_fotosTests.xctest */;
			productType = "com.apple.product-type.bundle.unit-test";
		};
/* End PBXNativeTarget section */

/* Begin PBXProject section */
		FB09E92B2CD285CD00559733 /* Project object */ = {
			isa = PBXProject;
			attributes = {
				BuildIndependentTargetsInParallel = 1;
				LastSwiftUpdateCheck = 1540;
				LastUpgradeCheck = 1540;
				TargetAttributes = {
					FB09E9322CD285CD00559733 = {
						CreatedOnToolsVersion = 15.4;
					};
					FB09E94B2CD285CD00559733 = {
						CreatedOnToolsVersion = 15.4;
						TestTargetID = FB09E9322CD285CD00559733;
					};
				};
			};
			buildConfigurationList = FB09E92E2CD285CD00559733 /* Build configuration list for PBXProject "boceto_4_subiendo_fotos" */;
			compatibilityVersion = "Xcode 14.0";
			developmentRegion = en;
			hasScannedForEncodings = 0;
			knownRegions = (
				en,
				Base,
			);
			mainGroup = FB09E92A2CD285CD00559733;
			productRefGroup = FB09E9342CD285CD00559733 /* Products */;
			projectDirPath = "";
			projectRoot = "";
			targets = (
				FB09E9322CD285CD00559733 /* boceto_4_subiendo_fotos */,
				FB09E94B2CD285CD00559733 /* boceto_4_subiendo_fotosTests */,
			);
		};
/* End PBXProject section */

/* Begin PBXResourcesBuildPhase section */
		FB09E9312CD285CD00559733 /* Resources */ = {
			isa = PBXResourcesBuildPhase;
			buildActionMask = 2147483647;
			files = (
				FB09E9432CD285CD00559733 /* Assets.xcassets in Resources */,
				FB09E9462CD285CD00559733 /* Preview Assets.xcassets in Resources */,
				FB09E9412CD285CD00559733 /* ImageBasedLighting.skybox in Resources */,
			);
			runOnlyForDeploymentPostprocessing = 0;
		};
		FB09E94A2CD285CD00559733 /* Resources */ = {
			isa = PBXResourcesBuildPhase;
			buildActionMask = 2147483647;
			files = (
			);
			runOnlyForDeploymentPostprocessing = 0;
		};
/* End PBXResourcesBuildPhase section */

/* Begin PBXSourcesBuildPhase section */
		FB09E92F2CD285CD00559733 /* Sources */ = {
			isa = PBXSourcesBuildPhase;
			buildActionMask = 2147483647;
			files = (
				FB09E93D2CD285CD00559733 /* ContentView.swift in Sources */,
				FB09E93B2CD285CD00559733 /* boceto_4_subiendo_fotosApp.swift in Sources */,
				FB09E93F2CD285CD00559733 /* ImmersiveView.swift in Sources */,
			);
			runOnlyForDeploymentPostprocessing = 0;
		};
		FB09E9482CD285CD00559733 /* Sources */ = {
			isa = PBXSourcesBuildPhase;
			buildActionMask = 2147483647;
			files = (
				FB09E9512CD285CD00559733 /* boceto_4_subiendo_fotosTests.swift in Sources */,
			);
			runOnlyForDeploymentPostprocessing = 0;
		};
/* End PBXSourcesBuildPhase section */

/* Begin PBXTargetDependency section */
		FB09E94E2CD285CD00559733 /* PBXTargetDependency */ = {
			isa = PBXTargetDependency;
			target = FB09E9322CD285CD00559733 /* boceto_4_subiendo_fotos */;
			targetProxy = FB09E94D2CD285CD00559733 /* PBXContainerItemProxy */;
		};
/* End PBXTargetDependency section */

/* Begin XCBuildConfiguration section */
		FB09E9522CD285CD00559733 /* Debug */ = {
			isa = XCBuildConfiguration;
			buildSettings = {
				ALWAYS_SEARCH_USER_PATHS = NO;
				ASSETCATALOG_COMPILER_GENERATE_SWIFT_ASSET_SYMBOL_EXTENSIONS = YES;
				CLANG_ANALYZER_NONNULL = YES;
				CLANG_ANALYZER_NUMBER_OBJECT_CONVERSION = YES_AGGRESSIVE;
				CLANG_CXX_LANGUAGE_STANDARD = "gnu++20";
				CLANG_ENABLE_MODULES = YES;
				CLANG_ENABLE_OBJC_ARC = YES;
				CLANG_ENABLE_OBJC_WEAK = YES;
				CLANG_WARN_BLOCK_CAPTURE_AUTORELEASING = YES;
				CLANG_WARN_BOOL_CONVERSION = YES;
				CLANG_WARN_COMMA = YES;
				CLANG_WARN_CONSTANT_CONVERSION = YES;
				CLANG_WARN_DEPRECATED_OBJC_IMPLEMENTATIONS = YES;
				CLANG_WARN_DIRECT_OBJC_ISA_USAGE = YES_ERROR;
				CLANG_WARN_DOCUMENTATION_COMMENTS = YES;
				CLANG_WARN_EMPTY_BODY = YES;
				CLANG_WARN_ENUM_CONVERSION = YES;
				CLANG_WARN_INFINITE_RECURSION = YES;
				CLANG_WARN_INT_CONVERSION = YES;
				CLANG_WARN_NON_LITERAL_NULL_CONVERSION = YES;
				CLANG_WARN_OBJC_IMPLICIT_RETAIN_SELF = YES;
				CLANG_WARN_OBJC_LITERAL_CONVERSION = YES;
				CLANG_WARN_OBJC_ROOT_CLASS = YES_ERROR;
				CLANG_WARN_QUOTED_INCLUDE_IN_FRAMEWORK_HEADER = YES;
				CLANG_WARN_RANGE_LOOP_ANALYSIS = YES;
				CLANG_WARN_STRICT_PROTOTYPES = YES;
				CLANG_WARN_SUSPICIOUS_MOVE = YES;
				CLANG_WARN_UNGUARDED_AVAILABILITY = YES_AGGRESSIVE;
				CLANG_WARN_UNREACHABLE_CODE = YES;
				CLANG_WARN__DUPLICATE_METHOD_MATCH = YES;
				COPY_PHASE_STRIP = NO;
				DEBUG_INFORMATION_FORMAT = dwarf;
				ENABLE_STRICT_OBJC_MSGSEND = YES;
				ENABLE_TESTABILITY = YES;
				ENABLE_USER_SCRIPT_SANDBOXING = YES;
				GCC_C_LANGUAGE_STANDARD = gnu17;
				GCC_DYNAMIC_NO_PIC = NO;
				GCC_NO_COMMON_BLOCKS = YES;
				GCC_OPTIMIZATION_LEVEL = 0;
				GCC_PREPROCESSOR_DEFINITIONS = (
					"DEBUG=1",
					"$(inherited)",
				);
				GCC_WARN_64_TO_32_BIT_CONVERSION = YES;
				GCC_WARN_ABOUT_RETURN_TYPE = YES_ERROR;
				GCC_WARN_UNDECLARED_SELECTOR = YES;
				GCC_WARN_UNINITIALIZED_AUTOS = YES_AGGRESSIVE;
				GCC_WARN_UNUSED_FUNCTION = YES;
				GCC_WARN_UNUSED_VARIABLE = YES;
				LOCALIZATION_PREFERS_STRING_CATALOGS = YES;
				MTL_ENABLE_DEBUG_INFO = INCLUDE_SOURCE;
				MTL_FAST_MATH = YES;
				ONLY_ACTIVE_ARCH = YES;
				SDKROOT = xros;
				SWIFT_ACTIVE_COMPILATION_CONDITIONS = "DEBUG $(inherited)";
				SWIFT_OPTIMIZATION_LEVEL = "-Onone";
				XROS_DEPLOYMENT_TARGET = 1.2;
			};
			name = Debug;
		};
		FB09E9532CD285CD00559733 /* Release */ = {
			isa = XCBuildConfiguration;
			buildSettings = {
				ALWAYS_SEARCH_USER_PATHS = NO;
				ASSETCATALOG_COMPILER_GENERATE_SWIFT_ASSET_SYMBOL_EXTENSIONS = YES;
				CLANG_ANALYZER_NONNULL = YES;
				CLANG_ANALYZER_NUMBER_OBJECT_CONVERSION = YES_AGGRESSIVE;
				CLANG_CXX_LANGUAGE_STANDARD = "gnu++20";
				CLANG_ENABLE_MODULES = YES;
				CLANG_ENABLE_OBJC_ARC = YES;
				CLANG_ENABLE_OBJC_WEAK = YES;
				CLANG_WARN_BLOCK_CAPTURE_AUTORELEASING = YES;
				CLANG_WARN_BOOL_CONVERSION = YES;
				CLANG_WARN_COMMA = YES;
				CLANG_WARN_CONSTANT_CONVERSION = YES;
				CLANG_WARN_DEPRECATED_OBJC_IMPLEMENTATIONS = YES;
				CLANG_WARN_DIRECT_OBJC_ISA_USAGE = YES_ERROR;
				CLANG_WARN_DOCUMENTATION_COMMENTS = YES;
				CLANG_WARN_EMPTY_BODY = YES;
				CLANG_WARN_ENUM_CONVERSION = YES;
				CLANG_WARN_INFINITE_RECURSION = YES;
				CLANG_WARN_INT_CONVERSION = YES;
				CLANG_WARN_NON_LITERAL_NULL_CONVERSION = YES;
				CLANG_WARN_OBJC_IMPLICIT_RETAIN_SELF = YES;
				CLANG_WARN_OBJC_LITERAL_CONVERSION = YES;
				CLANG_WARN_OBJC_ROOT_CLASS = YES_ERROR;
				CLANG_WARN_QUOTED_INCLUDE_IN_FRAMEWORK_HEADER = YES;
				CLANG_WARN_RANGE_LOOP_ANALYSIS = YES;
				CLANG_WARN_STRICT_PROTOTYPES = YES;
				CLANG_WARN_SUSPICIOUS_MOVE = YES;
				CLANG_WARN_UNGUARDED_AVAILABILITY = YES_AGGRESSIVE;
				CLANG_WARN_UNREACHABLE_CODE = YES;
				CLANG_WARN__DUPLICATE_METHOD_MATCH = YES;
				COPY_PHASE_STRIP = NO;
				DEBUG_INFORMATION_FORMAT = "dwarf-with-dsym";
				ENABLE_NS_ASSERTIONS = NO;
				ENABLE_STRICT_OBJC_MSGSEND = YES;
				ENABLE_USER_SCRIPT_SANDBOXING = YES;
				GCC_C_LANGUAGE_STANDARD = gnu17;
				GCC_NO_COMMON_BLOCKS = YES;
				GCC_WARN_64_TO_32_BIT_CONVERSION = YES;
				GCC_WARN_ABOUT_RETURN_TYPE = YES_ERROR;
				GCC_WARN_UNDECLARED_SELECTOR = YES;
				GCC_WARN_UNINITIALIZED_AUTOS = YES_AGGRESSIVE;
				GCC_WARN_UNUSED_FUNCTION = YES;
				GCC_WARN_UNUSED_VARIABLE = YES;
				LOCALIZATION_PREFERS_STRING_CATALOGS = YES;
				MTL_ENABLE_DEBUG_INFO = NO;
				MTL_FAST_MATH = YES;
				SDKROOT = xros;
				SWIFT_COMPILATION_MODE = wholemodule;
				VALIDATE_PRODUCT = YES;
				XROS_DEPLOYMENT_TARGET = 1.2;
			};
			name = Release;
		};
		FB09E9552CD285CD00559733 /* Debug */ = {
			isa = XCBuildConfiguration;
			buildSettings = {
				ASSETCATALOG_COMPILER_APPICON_NAME = AppIcon;
				ASSETCATALOG_COMPILER_GLOBAL_ACCENT_COLOR_NAME = AccentColor;
				CODE_SIGN_STYLE = Automatic;
				CURRENT_PROJECT_VERSION = 1;
				DEVELOPMENT_ASSET_PATHS = "\"boceto_4_subiendo_fotos/Preview Content\"";
				ENABLE_PREVIEWS = YES;
				GENERATE_INFOPLIST_FILE = YES;
				INFOPLIST_FILE = "$(TARGET_NAME)/Info.plist";
				LD_RUNPATH_SEARCH_PATHS = (
					"$(inherited)",
					"@executable_path/Frameworks",
				);
				MARKETING_VERSION = 1.0;
				PRODUCT_BUNDLE_IDENTIFIER = "mx.uacj.visionos.boceto-4-subiendo-fotos";
				PRODUCT_NAME = "$(TARGET_NAME)";
				SUPPORTED_PLATFORMS = "xros xrsimulator";
				SWIFT_EMIT_LOC_STRINGS = YES;
				SWIFT_VERSION = 5.0;
				TARGETED_DEVICE_FAMILY = "1,2,7";
			};
			name = Debug;
		};
		FB09E9562CD285CD00559733 /* Release */ = {
			isa = XCBuildConfiguration;
			buildSettings = {
				ASSETCATALOG_COMPILER_APPICON_NAME = AppIcon;
				ASSETCATALOG_COMPILER_GLOBAL_ACCENT_COLOR_NAME = AccentColor;
				CODE_SIGN_STYLE = Automatic;
				CURRENT_PROJECT_VERSION = 1;
				DEVELOPMENT_ASSET_PATHS = "\"boceto_4_subiendo_fotos/Preview Content\"";
				ENABLE_PREVIEWS = YES;
				GENERATE_INFOPLIST_FILE = YES;
				INFOPLIST_FILE = "$(TARGET_NAME)/Info.plist";
				LD_RUNPATH_SEARCH_PATHS = (
					"$(inherited)",
					"@executable_path/Frameworks",
				);
				MARKETING_VERSION = 1.0;
				PRODUCT_BUNDLE_IDENTIFIER = "mx.uacj.visionos.boceto-4-subiendo-fotos";
				PRODUCT_NAME = "$(TARGET_NAME)";
				SUPPORTED_PLATFORMS = "xros xrsimulator";
				SWIFT_EMIT_LOC_STRINGS = YES;
				SWIFT_VERSION = 5.0;
				TARGETED_DEVICE_FAMILY = "1,2,7";
			};
			name = Release;
		};
		FB09E9582CD285CD00559733 /* Debug */ = {
			isa = XCBuildConfiguration;
			buildSettings = {
				ALWAYS_EMBED_SWIFT_STANDARD_LIBRARIES = YES;
				BUNDLE_LOADER = "$(TEST_HOST)";
				CODE_SIGN_STYLE = Automatic;
				CURRENT_PROJECT_VERSION = 1;
				GENERATE_INFOPLIST_FILE = YES;
				MARKETING_VERSION = 1.0;
				PRODUCT_BUNDLE_IDENTIFIER = "mx.uacj.visionos.boceto-4-subiendo-fotosTests";
				PRODUCT_NAME = "$(TARGET_NAME)";
				SUPPORTED_PLATFORMS = "xros xrsimulator";
				SWIFT_EMIT_LOC_STRINGS = NO;
				SWIFT_VERSION = 5.0;
				TARGETED_DEVICE_FAMILY = "1,2,7";
				TEST_HOST = "$(BUILT_PRODUCTS_DIR)/boceto_4_subiendo_fotos.app/$(BUNDLE_EXECUTABLE_FOLDER_PATH)/boceto_4_subiendo_fotos";
				XROS_DEPLOYMENT_TARGET = 1.2;
			};
			name = Debug;
		};
		FB09E9592CD285CD00559733 /* Release */ = {
			isa = XCBuildConfiguration;
			buildSettings = {
				ALWAYS_EMBED_SWIFT_STANDARD_LIBRARIES = YES;
				BUNDLE_LOADER = "$(TEST_HOST)";
				CODE_SIGN_STYLE = Automatic;
				CURRENT_PROJECT_VERSION = 1;
				GENERATE_INFOPLIST_FILE = YES;
				MARKETING_VERSION = 1.0;
				PRODUCT_BUNDLE_IDENTIFIER = "mx.uacj.visionos.boceto-4-subiendo-fotosTests";
				PRODUCT_NAME = "$(TARGET_NAME)";
				SUPPORTED_PLATFORMS = "xros xrsimulator";
				SWIFT_EMIT_LOC_STRINGS = NO;
				SWIFT_VERSION = 5.0;
				TARGETED_DEVICE_FAMILY = "1,2,7";
				TEST_HOST = "$(BUILT_PRODUCTS_DIR)/boceto_4_subiendo_fotos.app/$(BUNDLE_EXECUTABLE_FOLDER_PATH)/boceto_4_subiendo_fotos";
				XROS_DEPLOYMENT_TARGET = 1.2;
			};
			name = Release;
		};
/* End XCBuildConfiguration section */

/* Begin XCConfigurationList section */
		FB09E92E2CD285CD00559733 /* Build configuration list for PBXProject "boceto_4_subiendo_fotos" */ = {
			isa = XCConfigurationList;
			buildConfigurations = (
				FB09E9522CD285CD00559733 /* Debug */,
				FB09E9532CD285CD00559733 /* Release */,
			);
			defaultConfigurationIsVisible = 0;
			defaultConfigurationName = Release;
		};
		FB09E9542CD285CD00559733 /* Build configuration list for PBXNativeTarget "boceto_4_subiendo_fotos" */ = {
			isa = XCConfigurationList;
			buildConfigurations = (
				FB09E9552CD285CD00559733 /* Debug */,
				FB09E9562CD285CD00559733 /* Release */,
			);
			defaultConfigurationIsVisible = 0;
			defaultConfigurationName = Release;
		};
		FB09E9572CD285CD00559733 /* Build configuration list for PBXNativeTarget "boceto_4_subiendo_fotosTests" */ = {
			isa = XCConfigurationList;
			buildConfigurations = (
				FB09E9582CD285CD00559733 /* Debug */,
				FB09E9592CD285CD00559733 /* Release */,
			);
			defaultConfigurationIsVisible = 0;
			defaultConfigurationName = Release;
		};
/* End XCConfigurationList section */

/* Begin XCSwiftPackageProductDependency section */
		FB09E9382CD285CD00559733 /* RealityKitContent */ = {
			isa = XCSwiftPackageProductDependency;
			productName = RealityKitContent;
		};
/* End XCSwiftPackageProductDependency section */
	};
	rootObject = FB09E92B2CD285CD00559733 /* Project object */;
}
